
Microsoft Visual Studio Solution File, Format Version 12.00
# Visual Studio Version 17
VisualStudioVersion = 17.14.36301.6 d17.14
MinimumVisualStudioVersion = 10.0.40219.1
Project("{FAE04EC0-301F-11D3-BF4B-00C04F79EFBC}") = "MyFirstWinFormsProject", "MyFirstWinFormsProject.csproj", "{8D2CF67A-E2E4-4CA0-BB31-363DB6F97AFF}"
EndProject
Global
	GlobalSection(SolutionConfigurationPlatforms) = preSolution
		Debug|Any CPU = Debug|Any CPU
		Release|Any CPU = Release|Any CPU
	EndGlobalSection
	GlobalSection(ProjectConfigurationPlatforms) = postSolution
		{8D2CF67A-E2E4-4CA0-BB31-363DB6F97AFF}.Debug|Any CPU.ActiveCfg = Debug|Any CPU
		{8D2CF67A-E2E4-4CA0-BB31-363DB6F97AFF}.Debug|Any CPU.Build.0 = Debug|Any CPU
		{8D2CF67A-E2E4-4CA0-BB31-363DB6F97AFF}.Release|Any CPU.ActiveCfg = Release|Any CPU
		{8D2CF67A-E2E4-4CA0-BB31-363DB6F97AFF}.Release|Any CPU.Build.0 = Release|Any CPU
	EndGlobalSection
	GlobalSection(SolutionProperties) = preSolution
		HideSolutionNode = FALSE
	EndGlobalSection
	GlobalSection(ExtensibilityGlobals) = postSolution
		SolutionGuid = {A8A52FFB-EAB6-433A-B011-DBCFAF55B727}
	EndGlobalSection
EndGlobal
